
Microsoft Visual Studio Solution File, Format Version 12.00
# Visual Studio Version 17
VisualStudioVersion = 17.14.36202.13 d17.14
MinimumVisualStudioVersion = 10.0.40219.1
Project("{FAE04EC0-301F-11D3-BF4B-00C04F79EFBC}") = "Skate Custom Server", "Skate Custom Server\Skate Custom Server.csproj", "{F73BDB3B-190D-49C6-985B-C034C16B621F}"
EndProject
Global
	GlobalSection(SolutionConfigurationPlatforms) = preSolution
		Debug|Any CPU = Debug|Any CPU
		Release|Any CPU = Release|Any CPU
	EndGlobalSection
	GlobalSection(ProjectConfigurationPlatforms) = postSolution
		{F73BDB3B-190D-49C6-985B-C034C16B621F}.Debug|Any CPU.ActiveCfg = Debug|Any CPU
		{F73BDB3B-190D-49C6-985B-C034C16B621F}.Debug|Any CPU.Build.0 = Debug|Any CPU
		{F73BDB3B-190D-49C6-985B-C034C16B621F}.Release|Any CPU.ActiveCfg = Release|Any CPU
		{F73BDB3B-190D-49C6-985B-C034C16B621F}.Release|Any CPU.Build.0 = Release|Any CPU
	EndGlobalSection
	GlobalSection(SolutionProperties) = preSolution
		HideSolutionNode = FALSE
	EndGlobalSection
	GlobalSection(ExtensibilityGlobals) = postSolution
		SolutionGuid = {16FEF818-3A68-4791-98BA-9C9240D46BA8}
	EndGlobalSection
EndGlobal
